// !$*UTF8*$!
{
	archiveVersion = 1;
	classes = {
	};
	objectVersion = 55;
	objects = {

/* Begin PBXBuildFile section */
		9EC3322A28C108A300CA5DF5 /* LoginView.swift in Sources */ = {isa = PBXBuildFile; fileRef = 9EC3322928C108A300CA5DF5 /* LoginView.swift */; };
		9EC3322C28C108B000CA5DF5 /* LoginViewModel.swift in Sources */ = {isa = PBXBuildFile; fileRef = 9EC3322B28C108B000CA5DF5 /* LoginViewModel.swift */; };
		9EC3322F28C1151800CA5DF5 /* LoginInputTextFiled.swift in Sources */ = {isa = PBXBuildFile; fileRef = 9EC3322E28C1151800CA5DF5 /* LoginInputTextFiled.swift */; };
		9EC3323328C2134200CA5DF5 /* LoginButtonStyle.swift in Sources */ = {isa = PBXBuildFile; fileRef = 9EC3323228C2134200CA5DF5 /* LoginButtonStyle.swift */; };
		9EC3323528C254DF00CA5DF5 /* LoginLoadingView.swift in Sources */ = {isa = PBXBuildFile; fileRef = 9EC3323428C254DF00CA5DF5 /* LoginLoadingView.swift */; };
		9EC3323828C32C0E00CA5DF5 /* VpnMapView.swift in Sources */ = {isa = PBXBuildFile; fileRef = 9EC3323728C32C0E00CA5DF5 /* VpnMapView.swift */; };
		9EC3323A28C32C2E00CA5DF5 /* VpnMapViewModel.swift in Sources */ = {isa = PBXBuildFile; fileRef = 9EC3323928C32C2E00CA5DF5 /* VpnMapViewModel.swift */; };
		9EC3323C28C3325000CA5DF5 /* PinZoomView.swift in Sources */ = {isa = PBXBuildFile; fileRef = 9EC3323B28C3325000CA5DF5 /* PinZoomView.swift */; };
		9EC3324028C34A4300CA5DF5 /* ViewExtension.swift in Sources */ = {isa = PBXBuildFile; fileRef = 9EC3323F28C34A4300CA5DF5 /* ViewExtension.swift */; };
		9EC3324328C34AAA00CA5DF5 /* TrackinAreaView.swift in Sources */ = {isa = PBXBuildFile; fileRef = 9EC3324228C34AAA00CA5DF5 /* TrackinAreaView.swift */; };
		AC09D71B28BCDCD40078E928 /* sysvpn_macosApp.swift in Sources */ = {isa = PBXBuildFile; fileRef = AC09D71A28BCDCD40078E928 /* sysvpn_macosApp.swift */; };
		AC09D71D28BCDCD40078E928 /* ContentView.swift in Sources */ = {isa = PBXBuildFile; fileRef = AC09D71C28BCDCD40078E928 /* ContentView.swift */; };
		AC09D71F28BCDCD70078E928 /* Assets.xcassets in Resources */ = {isa = PBXBuildFile; fileRef = AC09D71E28BCDCD70078E928 /* Assets.xcassets */; };
		AC09D72228BCDCD70078E928 /* Preview Assets.xcassets in Resources */ = {isa = PBXBuildFile; fileRef = AC09D72128BCDCD70078E928 /* Preview Assets.xcassets */; };
		AC09D72D28BCDCD80078E928 /* sysvpn_macosTests.swift in Sources */ = {isa = PBXBuildFile; fileRef = AC09D72C28BCDCD80078E928 /* sysvpn_macosTests.swift */; };
		AC09D73728BCDCD80078E928 /* sysvpn_macosUITests.swift in Sources */ = {isa = PBXBuildFile; fileRef = AC09D73628BCDCD80078E928 /* sysvpn_macosUITests.swift */; };
		AC09D73928BCDCD80078E928 /* sysvpn_macosUITestsLaunchTests.swift in Sources */ = {isa = PBXBuildFile; fileRef = AC09D73828BCDCD80078E928 /* sysvpn_macosUITestsLaunchTests.swift */; };
		AC09D74728BCDE080078E928 /* Alamofire in Frameworks */ = {isa = PBXBuildFile; productRef = AC09D74628BCDE080078E928 /* Alamofire */; };
		AC09D74A28BCDE7A0078E928 /* CombineMoya in Frameworks */ = {isa = PBXBuildFile; productRef = AC09D74928BCDE7A0078E928 /* CombineMoya */; };
		AC09D74C28BCDE7A0078E928 /* Moya in Frameworks */ = {isa = PBXBuildFile; productRef = AC09D74B28BCDE7A0078E928 /* Moya */; };
		AC09D74E28BCDE7A0078E928 /* ReactiveMoya in Frameworks */ = {isa = PBXBuildFile; productRef = AC09D74D28BCDE7A0078E928 /* ReactiveMoya */; };
		AC09D75028BCDE7A0078E928 /* RxMoya in Frameworks */ = {isa = PBXBuildFile; productRef = AC09D74F28BCDE7A0078E928 /* RxMoya */; };
		AC09D76128BCE0560078E928 /* SwiftyJSON in Frameworks */ = {isa = PBXBuildFile; productRef = AC09D76028BCE0560078E928 /* SwiftyJSON */; };
		AC09D77E28BDE6830078E928 /* swiftgen.yml in Resources */ = {isa = PBXBuildFile; fileRef = AC09D77D28BDE6820078E928 /* swiftgen.yml */; };
		AC09D78128BDE6DE0078E928 /* Colors.xcassets in Resources */ = {isa = PBXBuildFile; fileRef = AC09D78028BDE6DE0078E928 /* Colors.xcassets */; };
		AC09D78628BDE8BA0078E928 /* Global.strings in Resources */ = {isa = PBXBuildFile; fileRef = AC09D78828BDE8BA0078E928 /* Global.strings */; };
		AC09D78A28BDE8E10078E928 /* en.lproj in Resources */ = {isa = PBXBuildFile; fileRef = AC09D78928BDE8E10078E928 /* en.lproj */; };
		AC09D78D28BE05480078E928 /* .swiftformat in Resources */ = {isa = PBXBuildFile; fileRef = AC09D78C28BE05480078E928 /* .swiftformat */; };
		AC09D79228BE08460078E928 /* GoogleSignIn in Frameworks */ = {isa = PBXBuildFile; productRef = AC09D79128BE08460078E928 /* GoogleSignIn */; };
		AC09D79428BE08460078E928 /* GoogleSignInSwift in Frameworks */ = {isa = PBXBuildFile; productRef = AC09D79328BE08460078E928 /* GoogleSignInSwift */; };
		AC09D79628BE0D1F0078E928 /* AppDelegate.swift in Sources */ = {isa = PBXBuildFile; fileRef = AC09D79528BE0D1F0078E928 /* AppDelegate.swift */; };
		AC09D79928BE0F340078E928 /* XCAssets+Generated.swift in Sources */ = {isa = PBXBuildFile; fileRef = AC09D79728BE0F340078E928 /* XCAssets+Generated.swift */; };
		AC09D79A28BE0F340078E928 /* Strings+Generated.swift in Sources */ = {isa = PBXBuildFile; fileRef = AC09D79828BE0F340078E928 /* Strings+Generated.swift */; };
		AC09D79E28BE12480078E928 /* BaseServiceManager.swift in Sources */ = {isa = PBXBuildFile; fileRef = AC09D79D28BE12480078E928 /* BaseServiceManager.swift */; };
		AC09D7A028BF0F970078E928 /* APIServiceManager.swift in Sources */ = {isa = PBXBuildFile; fileRef = AC09D79F28BF0F970078E928 /* APIServiceManager.swift */; };
		AC09D7A228BF0FEE0078E928 /* APIService.swift in Sources */ = {isa = PBXBuildFile; fileRef = AC09D7A128BF0FEE0078E928 /* APIService.swift */; };
		AC09D7A528BF10D30078E928 /* Constant.swift in Sources */ = {isa = PBXBuildFile; fileRef = AC09D7A428BF10D30078E928 /* Constant.swift */; };
		AC09D7A728BF13400078E928 /* AppSetting.swift in Sources */ = {isa = PBXBuildFile; fileRef = AC09D7A628BF13400078E928 /* AppSetting.swift */; };
/* End PBXBuildFile section */

/* Begin PBXContainerItemProxy section */
		AC09D72928BCDCD80078E928 /* PBXContainerItemProxy */ = {
			isa = PBXContainerItemProxy;
			containerPortal = AC09D70F28BCDCD40078E928 /* Project object */;
			proxyType = 1;
			remoteGlobalIDString = AC09D71628BCDCD40078E928;
			remoteInfo = "sysvpn-macos";
		};
		AC09D73328BCDCD80078E928 /* PBXContainerItemProxy */ = {
			isa = PBXContainerItemProxy;
			containerPortal = AC09D70F28BCDCD40078E928 /* Project object */;
			proxyType = 1;
			remoteGlobalIDString = AC09D71628BCDCD40078E928;
			remoteInfo = "sysvpn-macos";
		};
/* End PBXContainerItemProxy section */

/* Begin PBXFileReference section */
		9EC3322928C108A300CA5DF5 /* LoginView.swift */ = {isa = PBXFileReference; lastKnownFileType = sourcecode.swift; path = LoginView.swift; sourceTree = "<group>"; };
		9EC3322B28C108B000CA5DF5 /* LoginViewModel.swift */ = {isa = PBXFileReference; lastKnownFileType = sourcecode.swift; path = LoginViewModel.swift; sourceTree = "<group>"; };
		9EC3322E28C1151800CA5DF5 /* LoginInputTextFiled.swift */ = {isa = PBXFileReference; lastKnownFileType = sourcecode.swift; path = LoginInputTextFiled.swift; sourceTree = "<group>"; };
		9EC3323228C2134200CA5DF5 /* LoginButtonStyle.swift */ = {isa = PBXFileReference; lastKnownFileType = sourcecode.swift; path = LoginButtonStyle.swift; sourceTree = "<group>"; };
		9EC3323428C254DF00CA5DF5 /* LoginLoadingView.swift */ = {isa = PBXFileReference; lastKnownFileType = sourcecode.swift; path = LoginLoadingView.swift; sourceTree = "<group>"; };
		9EC3323728C32C0E00CA5DF5 /* VpnMapView.swift */ = {isa = PBXFileReference; lastKnownFileType = sourcecode.swift; path = VpnMapView.swift; sourceTree = "<group>"; };
		9EC3323928C32C2E00CA5DF5 /* VpnMapViewModel.swift */ = {isa = PBXFileReference; lastKnownFileType = sourcecode.swift; path = VpnMapViewModel.swift; sourceTree = "<group>"; };
		9EC3323B28C3325000CA5DF5 /* PinZoomView.swift */ = {isa = PBXFileReference; lastKnownFileType = sourcecode.swift; path = PinZoomView.swift; sourceTree = "<group>"; };
		9EC3323F28C34A4300CA5DF5 /* ViewExtension.swift */ = {isa = PBXFileReference; lastKnownFileType = sourcecode.swift; path = ViewExtension.swift; sourceTree = "<group>"; };
		9EC3324228C34AAA00CA5DF5 /* TrackinAreaView.swift */ = {isa = PBXFileReference; lastKnownFileType = sourcecode.swift; path = TrackinAreaView.swift; sourceTree = "<group>"; };
		AC09D71728BCDCD40078E928 /* sysvpn-macos.app */ = {isa = PBXFileReference; explicitFileType = wrapper.application; includeInIndex = 0; path = "sysvpn-macos.app"; sourceTree = BUILT_PRODUCTS_DIR; };
		AC09D71A28BCDCD40078E928 /* sysvpn_macosApp.swift */ = {isa = PBXFileReference; lastKnownFileType = sourcecode.swift; path = sysvpn_macosApp.swift; sourceTree = "<group>"; };
		AC09D71C28BCDCD40078E928 /* ContentView.swift */ = {isa = PBXFileReference; lastKnownFileType = sourcecode.swift; path = ContentView.swift; sourceTree = "<group>"; };
		AC09D71E28BCDCD70078E928 /* Assets.xcassets */ = {isa = PBXFileReference; lastKnownFileType = folder.assetcatalog; path = Assets.xcassets; sourceTree = "<group>"; };
		AC09D72128BCDCD70078E928 /* Preview Assets.xcassets */ = {isa = PBXFileReference; lastKnownFileType = folder.assetcatalog; path = "Preview Assets.xcassets"; sourceTree = "<group>"; };
		AC09D72328BCDCD70078E928 /* sysvpn_macos.entitlements */ = {isa = PBXFileReference; lastKnownFileType = text.plist.entitlements; path = sysvpn_macos.entitlements; sourceTree = "<group>"; };
		AC09D72828BCDCD80078E928 /* sysvpn-macosTests.xctest */ = {isa = PBXFileReference; explicitFileType = wrapper.cfbundle; includeInIndex = 0; path = "sysvpn-macosTests.xctest"; sourceTree = BUILT_PRODUCTS_DIR; };
		AC09D72C28BCDCD80078E928 /* sysvpn_macosTests.swift */ = {isa = PBXFileReference; lastKnownFileType = sourcecode.swift; path = sysvpn_macosTests.swift; sourceTree = "<group>"; };
		AC09D73228BCDCD80078E928 /* sysvpn-macosUITests.xctest */ = {isa = PBXFileReference; explicitFileType = wrapper.cfbundle; includeInIndex = 0; path = "sysvpn-macosUITests.xctest"; sourceTree = BUILT_PRODUCTS_DIR; };
		AC09D73628BCDCD80078E928 /* sysvpn_macosUITests.swift */ = {isa = PBXFileReference; lastKnownFileType = sourcecode.swift; path = sysvpn_macosUITests.swift; sourceTree = "<group>"; };
		AC09D73828BCDCD80078E928 /* sysvpn_macosUITestsLaunchTests.swift */ = {isa = PBXFileReference; lastKnownFileType = sourcecode.swift; path = sysvpn_macosUITestsLaunchTests.swift; sourceTree = "<group>"; };
		AC09D77828BDE00A0078E928 /* Package.swift */ = {isa = PBXFileReference; lastKnownFileType = sourcecode.swift; path = Package.swift; sourceTree = "<group>"; };
		AC09D77A28BDE4D60078E928 /* Empty.swift */ = {isa = PBXFileReference; lastKnownFileType = sourcecode.swift; path = Empty.swift; sourceTree = "<group>"; };
		AC09D77D28BDE6820078E928 /* swiftgen.yml */ = {isa = PBXFileReference; fileEncoding = 4; lastKnownFileType = text.yaml; path = swiftgen.yml; sourceTree = "<group>"; };
		AC09D78028BDE6DE0078E928 /* Colors.xcassets */ = {isa = PBXFileReference; lastKnownFileType = folder.assetcatalog; path = Colors.xcassets; sourceTree = "<group>"; };
		AC09D78728BDE8BA0078E928 /* en */ = {isa = PBXFileReference; lastKnownFileType = text.plist.strings; name = en; path = en.lproj/Global.strings; sourceTree = "<group>"; };
		AC09D78928BDE8E10078E928 /* en.lproj */ = {isa = PBXFileReference; lastKnownFileType = folder; path = en.lproj; sourceTree = "<group>"; };
		AC09D78C28BE05480078E928 /* .swiftformat */ = {isa = PBXFileReference; fileEncoding = 4; lastKnownFileType = text; path = .swiftformat; sourceTree = "<group>"; };
		AC09D79528BE0D1F0078E928 /* AppDelegate.swift */ = {isa = PBXFileReference; lastKnownFileType = sourcecode.swift; path = AppDelegate.swift; sourceTree = "<group>"; };
		AC09D79728BE0F340078E928 /* XCAssets+Generated.swift */ = {isa = PBXFileReference; fileEncoding = 4; lastKnownFileType = sourcecode.swift; path = "XCAssets+Generated.swift"; sourceTree = "<group>"; };
		AC09D79828BE0F340078E928 /* Strings+Generated.swift */ = {isa = PBXFileReference; fileEncoding = 4; lastKnownFileType = sourcecode.swift; path = "Strings+Generated.swift"; sourceTree = "<group>"; };
		AC09D79D28BE12480078E928 /* BaseServiceManager.swift */ = {isa = PBXFileReference; lastKnownFileType = sourcecode.swift; path = BaseServiceManager.swift; sourceTree = "<group>"; };
		AC09D79F28BF0F970078E928 /* APIServiceManager.swift */ = {isa = PBXFileReference; lastKnownFileType = sourcecode.swift; path = APIServiceManager.swift; sourceTree = "<group>"; };
		AC09D7A128BF0FEE0078E928 /* APIService.swift */ = {isa = PBXFileReference; lastKnownFileType = sourcecode.swift; path = APIService.swift; sourceTree = "<group>"; };
		AC09D7A428BF10D30078E928 /* Constant.swift */ = {isa = PBXFileReference; lastKnownFileType = sourcecode.swift; path = Constant.swift; sourceTree = "<group>"; };
		AC09D7A628BF13400078E928 /* AppSetting.swift */ = {isa = PBXFileReference; lastKnownFileType = sourcecode.swift; path = AppSetting.swift; sourceTree = "<group>"; };
/* End PBXFileReference section */

/* Begin PBXFrameworksBuildPhase section */
		AC09D71428BCDCD40078E928 /* Frameworks */ = {
			isa = PBXFrameworksBuildPhase;
			buildActionMask = 2147483647;
			files = (
				AC09D75028BCDE7A0078E928 /* RxMoya in Frameworks */,
				AC09D74A28BCDE7A0078E928 /* CombineMoya in Frameworks */,
				AC09D74E28BCDE7A0078E928 /* ReactiveMoya in Frameworks */,
				AC09D79428BE08460078E928 /* GoogleSignInSwift in Frameworks */,
				AC09D74728BCDE080078E928 /* Alamofire in Frameworks */,
				AC09D76128BCE0560078E928 /* SwiftyJSON in Frameworks */,
				AC09D74C28BCDE7A0078E928 /* Moya in Frameworks */,
				AC09D79228BE08460078E928 /* GoogleSignIn in Frameworks */,
			);
			runOnlyForDeploymentPostprocessing = 0;
		};
		AC09D72528BCDCD80078E928 /* Frameworks */ = {
			isa = PBXFrameworksBuildPhase;
			buildActionMask = 2147483647;
			files = (
			);
			runOnlyForDeploymentPostprocessing = 0;
		};
		AC09D72F28BCDCD80078E928 /* Frameworks */ = {
			isa = PBXFrameworksBuildPhase;
			buildActionMask = 2147483647;
			files = (
			);
			runOnlyForDeploymentPostprocessing = 0;
		};
/* End PBXFrameworksBuildPhase section */

/* Begin PBXGroup section */
		9EC3322628C1086D00CA5DF5 /* Login */ = {
			isa = PBXGroup;
			children = (
				9EC3322D28C1150400CA5DF5 /* Styles */,
				9EC3322928C108A300CA5DF5 /* LoginView.swift */,
				9EC3322B28C108B000CA5DF5 /* LoginViewModel.swift */,
				9EC3323428C254DF00CA5DF5 /* LoginLoadingView.swift */,
			);
			path = Login;
			sourceTree = "<group>";
		};
		9EC3322D28C1150400CA5DF5 /* Styles */ = {
			isa = PBXGroup;
			children = (
				9EC3322E28C1151800CA5DF5 /* LoginInputTextFiled.swift */,
				9EC3323228C2134200CA5DF5 /* LoginButtonStyle.swift */,
			);
			path = Styles;
			sourceTree = "<group>";
		};
		9EC3323628C32BF800CA5DF5 /* VpnMap */ = {
			isa = PBXGroup;
			children = (
				9EC3323728C32C0E00CA5DF5 /* VpnMapView.swift */,
				9EC3323928C32C2E00CA5DF5 /* VpnMapViewModel.swift */,
				9EC3323B28C3325000CA5DF5 /* PinZoomView.swift */,
			);
			path = VpnMap;
			sourceTree = "<group>";
		};
		9EC3323D28C34A2800CA5DF5 /* Util */ = {
			isa = PBXGroup;
			children = (
				9EC3324128C34A9C00CA5DF5 /* CommonView */,
				9EC3323E28C34A3600CA5DF5 /* Extension */,
			);
			path = Util;
			sourceTree = "<group>";
		};
		9EC3323E28C34A3600CA5DF5 /* Extension */ = {
			isa = PBXGroup;
			children = (
				9EC3323F28C34A4300CA5DF5 /* ViewExtension.swift */,
			);
			path = Extension;
			sourceTree = "<group>";
		};
		9EC3324128C34A9C00CA5DF5 /* CommonView */ = {
			isa = PBXGroup;
			children = (
				9EC3324228C34AAA00CA5DF5 /* TrackinAreaView.swift */,
			);
			path = CommonView;
			sourceTree = "<group>";
		};
		AC09D70E28BCDCD40078E928 = {
			isa = PBXGroup;
			children = (
				AC09D78C28BE05480078E928 /* .swiftformat */,
				AC09D77D28BDE6820078E928 /* swiftgen.yml */,
				AC09D71928BCDCD40078E928 /* sysvpn-macos */,
				AC09D77728BDDFF60078E928 /* BuildTools */,
				AC09D72B28BCDCD80078E928 /* sysvpn-macosTests */,
				AC09D73528BCDCD80078E928 /* sysvpn-macosUITests */,
				AC09D71828BCDCD40078E928 /* Products */,
			);
			sourceTree = "<group>";
		};
		AC09D71828BCDCD40078E928 /* Products */ = {
			isa = PBXGroup;
			children = (
				AC09D71728BCDCD40078E928 /* sysvpn-macos.app */,
				AC09D72828BCDCD80078E928 /* sysvpn-macosTests.xctest */,
				AC09D73228BCDCD80078E928 /* sysvpn-macosUITests.xctest */,
			);
			name = Products;
			sourceTree = "<group>";
		};
		AC09D71928BCDCD40078E928 /* sysvpn-macos */ = {
			isa = PBXGroup;
			children = (
				9EC3323D28C34A2800CA5DF5 /* Util */,
				AC09D7A328BF10C80078E928 /* Common */,
				AC09D79B28BE10660078E928 /* Context */,
				AC09D78328BDE8770078E928 /* Language */,
				AC09D78228BDE7FB0078E928 /* Generated */,
				AC09D77F28BDE6A60078E928 /* Resources */,
				AC09D71A28BCDCD40078E928 /* sysvpn_macosApp.swift */,
				AC09D71C28BCDCD40078E928 /* ContentView.swift */,
				AC09D79528BE0D1F0078E928 /* AppDelegate.swift */,
				AC09D72328BCDCD70078E928 /* sysvpn_macos.entitlements */,
				AC09D72028BCDCD70078E928 /* Preview Content */,
			);
			path = "sysvpn-macos";
			sourceTree = "<group>";
		};
		AC09D72028BCDCD70078E928 /* Preview Content */ = {
			isa = PBXGroup;
			children = (
				AC09D72128BCDCD70078E928 /* Preview Assets.xcassets */,
			);
			path = "Preview Content";
			sourceTree = "<group>";
		};
		AC09D72B28BCDCD80078E928 /* sysvpn-macosTests */ = {
			isa = PBXGroup;
			children = (
				AC09D72C28BCDCD80078E928 /* sysvpn_macosTests.swift */,
			);
			path = "sysvpn-macosTests";
			sourceTree = "<group>";
		};
		AC09D73528BCDCD80078E928 /* sysvpn-macosUITests */ = {
			isa = PBXGroup;
			children = (
				AC09D73628BCDCD80078E928 /* sysvpn_macosUITests.swift */,
				AC09D73828BCDCD80078E928 /* sysvpn_macosUITestsLaunchTests.swift */,
			);
			path = "sysvpn-macosUITests";
			sourceTree = "<group>";
		};
		AC09D77728BDDFF60078E928 /* BuildTools */ = {
			isa = PBXGroup;
			children = (
				AC09D77828BDE00A0078E928 /* Package.swift */,
				AC09D77A28BDE4D60078E928 /* Empty.swift */,
			);
			path = BuildTools;
			sourceTree = "<group>";
		};
		AC09D77F28BDE6A60078E928 /* Resources */ = {
			isa = PBXGroup;
			children = (
				AC09D71E28BCDCD70078E928 /* Assets.xcassets */,
				AC09D78028BDE6DE0078E928 /* Colors.xcassets */,
			);
			path = Resources;
			sourceTree = "<group>";
		};
		AC09D78228BDE7FB0078E928 /* Generated */ = {
			isa = PBXGroup;
			children = (
				AC09D79828BE0F340078E928 /* Strings+Generated.swift */,
				AC09D79728BE0F340078E928 /* XCAssets+Generated.swift */,
			);
			path = Generated;
			sourceTree = "<group>";
		};
		AC09D78328BDE8770078E928 /* Language */ = {
			isa = PBXGroup;
			children = (
				AC09D78928BDE8E10078E928 /* en.lproj */,
				AC09D78828BDE8BA0078E928 /* Global.strings */,
			);
			path = Language;
			sourceTree = "<group>";
		};
		AC09D79B28BE10660078E928 /* Context */ = {
			isa = PBXGroup;
			children = (
				9EC3323628C32BF800CA5DF5 /* VpnMap */,
				9EC3322628C1086D00CA5DF5 /* Login */,
				AC09D79C28BE12180078E928 /* Networking */,
			);
			path = Context;
			sourceTree = "<group>";
		};
		AC09D79C28BE12180078E928 /* Networking */ = {
			isa = PBXGroup;
			children = (
				AC09D7A828BF13D60078E928 /* API */,
			);
			path = Networking;
			sourceTree = "<group>";
		};
		AC09D7A328BF10C80078E928 /* Common */ = {
			isa = PBXGroup;
			children = (
				AC09D7A428BF10D30078E928 /* Constant.swift */,
				AC09D7A628BF13400078E928 /* AppSetting.swift */,
			);
			path = Common;
			sourceTree = "<group>";
		};
		AC09D7A828BF13D60078E928 /* API */ = {
			isa = PBXGroup;
			children = (
				AC09D79D28BE12480078E928 /* BaseServiceManager.swift */,
				AC09D79F28BF0F970078E928 /* APIServiceManager.swift */,
				AC09D7A128BF0FEE0078E928 /* APIService.swift */,
			);
			path = API;
			sourceTree = "<group>";
		};
/* End PBXGroup section */

/* Begin PBXNativeTarget section */
		AC09D71628BCDCD40078E928 /* sysvpn-macos */ = {
			isa = PBXNativeTarget;
			buildConfigurationList = AC09D73C28BCDCD80078E928 /* Build configuration list for PBXNativeTarget "sysvpn-macos" */;
			buildPhases = (
				AC09D71328BCDCD40078E928 /* Sources */,
				AC09D71428BCDCD40078E928 /* Frameworks */,
				AC09D71528BCDCD40078E928 /* Resources */,
				AC09D77C28BDE5130078E928 /* SwiftFormat */,
				AC09D78B28BDE98B0078E928 /* SwiftGen */,
			);
			buildRules = (
			);
			dependencies = (
			);
			name = "sysvpn-macos";
			packageProductDependencies = (
				AC09D74628BCDE080078E928 /* Alamofire */,
				AC09D74928BCDE7A0078E928 /* CombineMoya */,
				AC09D74B28BCDE7A0078E928 /* Moya */,
				AC09D74D28BCDE7A0078E928 /* ReactiveMoya */,
				AC09D74F28BCDE7A0078E928 /* RxMoya */,
				AC09D76028BCE0560078E928 /* SwiftyJSON */,
				AC09D79128BE08460078E928 /* GoogleSignIn */,
				AC09D79328BE08460078E928 /* GoogleSignInSwift */,
			);
			productName = "sysvpn-macos";
			productReference = AC09D71728BCDCD40078E928 /* sysvpn-macos.app */;
			productType = "com.apple.product-type.application";
		};
		AC09D72728BCDCD80078E928 /* sysvpn-macosTests */ = {
			isa = PBXNativeTarget;
			buildConfigurationList = AC09D73F28BCDCD80078E928 /* Build configuration list for PBXNativeTarget "sysvpn-macosTests" */;
			buildPhases = (
				AC09D72428BCDCD80078E928 /* Sources */,
				AC09D72528BCDCD80078E928 /* Frameworks */,
				AC09D72628BCDCD80078E928 /* Resources */,
			);
			buildRules = (
			);
			dependencies = (
				AC09D72A28BCDCD80078E928 /* PBXTargetDependency */,
			);
			name = "sysvpn-macosTests";
			productName = "sysvpn-macosTests";
			productReference = AC09D72828BCDCD80078E928 /* sysvpn-macosTests.xctest */;
			productType = "com.apple.product-type.bundle.unit-test";
		};
		AC09D73128BCDCD80078E928 /* sysvpn-macosUITests */ = {
			isa = PBXNativeTarget;
			buildConfigurationList = AC09D74228BCDCD80078E928 /* Build configuration list for PBXNativeTarget "sysvpn-macosUITests" */;
			buildPhases = (
				AC09D72E28BCDCD80078E928 /* Sources */,
				AC09D72F28BCDCD80078E928 /* Frameworks */,
				AC09D73028BCDCD80078E928 /* Resources */,
			);
			buildRules = (
			);
			dependencies = (
				AC09D73428BCDCD80078E928 /* PBXTargetDependency */,
			);
			name = "sysvpn-macosUITests";
			productName = "sysvpn-macosUITests";
			productReference = AC09D73228BCDCD80078E928 /* sysvpn-macosUITests.xctest */;
			productType = "com.apple.product-type.bundle.ui-testing";
		};
/* End PBXNativeTarget section */

/* Begin PBXProject section */
		AC09D70F28BCDCD40078E928 /* Project object */ = {
			isa = PBXProject;
			attributes = {
				BuildIndependentTargetsInParallel = 1;
				LastSwiftUpdateCheck = 1340;
				LastUpgradeCheck = 1340;
				TargetAttributes = {
					AC09D71628BCDCD40078E928 = {
						CreatedOnToolsVersion = 13.4.1;
					};
					AC09D72728BCDCD80078E928 = {
						CreatedOnToolsVersion = 13.4.1;
						TestTargetID = AC09D71628BCDCD40078E928;
					};
					AC09D73128BCDCD80078E928 = {
						CreatedOnToolsVersion = 13.4.1;
						TestTargetID = AC09D71628BCDCD40078E928;
					};
				};
			};
			buildConfigurationList = AC09D71228BCDCD40078E928 /* Build configuration list for PBXProject "sysvpn-macos" */;
			compatibilityVersion = "Xcode 13.0";
			developmentRegion = en;
			hasScannedForEncodings = 0;
			knownRegions = (
				en,
				Base,
			);
			mainGroup = AC09D70E28BCDCD40078E928;
			packageReferences = (
				AC09D74528BCDE080078E928 /* XCRemoteSwiftPackageReference "Alamofire" */,
				AC09D74828BCDE7A0078E928 /* XCRemoteSwiftPackageReference "Moya" */,
				AC09D75F28BCE0560078E928 /* XCRemoteSwiftPackageReference "SwiftyJSON" */,
				AC09D79028BE08460078E928 /* XCRemoteSwiftPackageReference "GoogleSignIn-iOS" */,
			);
			productRefGroup = AC09D71828BCDCD40078E928 /* Products */;
			projectDirPath = "";
			projectRoot = "";
			targets = (
				AC09D71628BCDCD40078E928 /* sysvpn-macos */,
				AC09D72728BCDCD80078E928 /* sysvpn-macosTests */,
				AC09D73128BCDCD80078E928 /* sysvpn-macosUITests */,
			);
		};
/* End PBXProject section */

/* Begin PBXResourcesBuildPhase section */
		AC09D71528BCDCD40078E928 /* Resources */ = {
			isa = PBXResourcesBuildPhase;
			buildActionMask = 2147483647;
			files = (
				AC09D78628BDE8BA0078E928 /* Global.strings in Resources */,
				AC09D72228BCDCD70078E928 /* Preview Assets.xcassets in Resources */,
				AC09D78D28BE05480078E928 /* .swiftformat in Resources */,
				AC09D78128BDE6DE0078E928 /* Colors.xcassets in Resources */,
				AC09D71F28BCDCD70078E928 /* Assets.xcassets in Resources */,
				AC09D78A28BDE8E10078E928 /* en.lproj in Resources */,
				AC09D77E28BDE6830078E928 /* swiftgen.yml in Resources */,
			);
			runOnlyForDeploymentPostprocessing = 0;
		};
		AC09D72628BCDCD80078E928 /* Resources */ = {
			isa = PBXResourcesBuildPhase;
			buildActionMask = 2147483647;
			files = (
			);
			runOnlyForDeploymentPostprocessing = 0;
		};
		AC09D73028BCDCD80078E928 /* Resources */ = {
			isa = PBXResourcesBuildPhase;
			buildActionMask = 2147483647;
			files = (
			);
			runOnlyForDeploymentPostprocessing = 0;
		};
/* End PBXResourcesBuildPhase section */

/* Begin PBXShellScriptBuildPhase section */
		AC09D77C28BDE5130078E928 /* SwiftFormat */ = {
			isa = PBXShellScriptBuildPhase;
			buildActionMask = 2147483647;
			files = (
			);
			inputFileListPaths = (
			);
			inputPaths = (
			);
			name = SwiftFormat;
			outputFileListPaths = (
			);
			outputPaths = (
			);
			runOnlyForDeploymentPostprocessing = 0;
			shellPath = /bin/sh;
			shellScript = "cd BuildTools\nSDKROOT=(xcrun --sdk macosx --show-sdk-path)\n#swift package update #Uncomment this line temporarily to update the version used to the latest matching your BuildTools/Package.swift file\nswift run -c release swiftformat \"$SRCROOT\"\n";
		};
		AC09D78B28BDE98B0078E928 /* SwiftGen */ = {
			isa = PBXShellScriptBuildPhase;
			buildActionMask = 2147483647;
			files = (
			);
			inputFileListPaths = (
			);
			inputPaths = (
			);
			name = SwiftGen;
			outputFileListPaths = (
			);
			outputPaths = (
			);
			runOnlyForDeploymentPostprocessing = 0;
			shellPath = /bin/sh;
			shellScript = "cd BuildTools\nSDKROOT=(xcrun --sdk macosx --show-sdk-path)\n#swift package update #Uncomment this line temporarily to update the version used to the latest matching your BuildTools/Package.swift file\nswift run -c release swiftgen config run --config \"$SRCROOT/swiftgen.yml\"\n";
		};
/* End PBXShellScriptBuildPhase section */

/* Begin PBXSourcesBuildPhase section */
		AC09D71328BCDCD40078E928 /* Sources */ = {
			isa = PBXSourcesBuildPhase;
			buildActionMask = 2147483647;
			files = (
				9EC3324328C34AAA00CA5DF5 /* TrackinAreaView.swift in Sources */,
				9EC3323528C254DF00CA5DF5 /* LoginLoadingView.swift in Sources */,
				AC09D7A728BF13400078E928 /* AppSetting.swift in Sources */,
				AC09D79A28BE0F340078E928 /* Strings+Generated.swift in Sources */,
				AC09D79628BE0D1F0078E928 /* AppDelegate.swift in Sources */,
				9EC3322F28C1151800CA5DF5 /* LoginInputTextFiled.swift in Sources */,
				AC09D7A528BF10D30078E928 /* Constant.swift in Sources */,
				AC09D79E28BE12480078E928 /* BaseServiceManager.swift in Sources */,
				9EC3323A28C32C2E00CA5DF5 /* VpnMapViewModel.swift in Sources */,
				9EC3323328C2134200CA5DF5 /* LoginButtonStyle.swift in Sources */,
				9EC3323828C32C0E00CA5DF5 /* VpnMapView.swift in Sources */,
				9EC3322A28C108A300CA5DF5 /* LoginView.swift in Sources */,
				AC09D71D28BCDCD40078E928 /* ContentView.swift in Sources */,
				9EC3322C28C108B000CA5DF5 /* LoginViewModel.swift in Sources */,
				AC09D71B28BCDCD40078E928 /* sysvpn_macosApp.swift in Sources */,
				AC09D7A028BF0F970078E928 /* APIServiceManager.swift in Sources */,
				9EC3324028C34A4300CA5DF5 /* ViewExtension.swift in Sources */,
				9EC3323C28C3325000CA5DF5 /* PinZoomView.swift in Sources */,
				AC09D7A228BF0FEE0078E928 /* APIService.swift in Sources */,
				AC09D79928BE0F340078E928 /* XCAssets+Generated.swift in Sources */,
			);
			runOnlyForDeploymentPostprocessing = 0;
		};
		AC09D72428BCDCD80078E928 /* Sources */ = {
			isa = PBXSourcesBuildPhase;
			buildActionMask = 2147483647;
			files = (
				AC09D72D28BCDCD80078E928 /* sysvpn_macosTests.swift in Sources */,
			);
			runOnlyForDeploymentPostprocessing = 0;
		};
		AC09D72E28BCDCD80078E928 /* Sources */ = {
			isa = PBXSourcesBuildPhase;
			buildActionMask = 2147483647;
			files = (
				AC09D73728BCDCD80078E928 /* sysvpn_macosUITests.swift in Sources */,
				AC09D73928BCDCD80078E928 /* sysvpn_macosUITestsLaunchTests.swift in Sources */,
			);
			runOnlyForDeploymentPostprocessing = 0;
		};
/* End PBXSourcesBuildPhase section */

/* Begin PBXTargetDependency section */
		AC09D72A28BCDCD80078E928 /* PBXTargetDependency */ = {
			isa = PBXTargetDependency;
			target = AC09D71628BCDCD40078E928 /* sysvpn-macos */;
			targetProxy = AC09D72928BCDCD80078E928 /* PBXContainerItemProxy */;
		};
		AC09D73428BCDCD80078E928 /* PBXTargetDependency */ = {
			isa = PBXTargetDependency;
			target = AC09D71628BCDCD40078E928 /* sysvpn-macos */;
			targetProxy = AC09D73328BCDCD80078E928 /* PBXContainerItemProxy */;
		};
/* End PBXTargetDependency section */

/* Begin PBXVariantGroup section */
		AC09D78828BDE8BA0078E928 /* Global.strings */ = {
			isa = PBXVariantGroup;
			children = (
				AC09D78728BDE8BA0078E928 /* en */,
			);
			name = Global.strings;
			sourceTree = "<group>";
		};
/* End PBXVariantGroup section */

/* Begin XCBuildConfiguration section */
		AC09D73A28BCDCD80078E928 /* Debug */ = {
			isa = XCBuildConfiguration;
			buildSettings = {
				ALWAYS_SEARCH_USER_PATHS = NO;
				CLANG_ANALYZER_NONNULL = YES;
				CLANG_ANALYZER_NUMBER_OBJECT_CONVERSION = YES_AGGRESSIVE;
				CLANG_CXX_LANGUAGE_STANDARD = "gnu++17";
				CLANG_ENABLE_MODULES = YES;
				CLANG_ENABLE_OBJC_ARC = YES;
				CLANG_ENABLE_OBJC_WEAK = YES;
				CLANG_WARN_BLOCK_CAPTURE_AUTORELEASING = YES;
				CLANG_WARN_BOOL_CONVERSION = YES;
				CLANG_WARN_COMMA = YES;
				CLANG_WARN_CONSTANT_CONVERSION = YES;
				CLANG_WARN_DEPRECATED_OBJC_IMPLEMENTATIONS = YES;
				CLANG_WARN_DIRECT_OBJC_ISA_USAGE = YES_ERROR;
				CLANG_WARN_DOCUMENTATION_COMMENTS = YES;
				CLANG_WARN_EMPTY_BODY = YES;
				CLANG_WARN_ENUM_CONVERSION = YES;
				CLANG_WARN_INFINITE_RECURSION = YES;
				CLANG_WARN_INT_CONVERSION = YES;
				CLANG_WARN_NON_LITERAL_NULL_CONVERSION = YES;
				CLANG_WARN_OBJC_IMPLICIT_RETAIN_SELF = YES;
				CLANG_WARN_OBJC_LITERAL_CONVERSION = YES;
				CLANG_WARN_OBJC_ROOT_CLASS = YES_ERROR;
				CLANG_WARN_QUOTED_INCLUDE_IN_FRAMEWORK_HEADER = YES;
				CLANG_WARN_RANGE_LOOP_ANALYSIS = YES;
				CLANG_WARN_STRICT_PROTOTYPES = YES;
				CLANG_WARN_SUSPICIOUS_MOVE = YES;
				CLANG_WARN_UNGUARDED_AVAILABILITY = YES_AGGRESSIVE;
				CLANG_WARN_UNREACHABLE_CODE = YES;
				CLANG_WARN__DUPLICATE_METHOD_MATCH = YES;
				COPY_PHASE_STRIP = NO;
				DEBUG_INFORMATION_FORMAT = dwarf;
				ENABLE_STRICT_OBJC_MSGSEND = YES;
				ENABLE_TESTABILITY = YES;
				GCC_C_LANGUAGE_STANDARD = gnu11;
				GCC_DYNAMIC_NO_PIC = NO;
				GCC_NO_COMMON_BLOCKS = YES;
				GCC_OPTIMIZATION_LEVEL = 0;
				GCC_PREPROCESSOR_DEFINITIONS = (
					"DEBUG=1",
					"$(inherited)",
				);
				GCC_WARN_64_TO_32_BIT_CONVERSION = YES;
				GCC_WARN_ABOUT_RETURN_TYPE = YES_ERROR;
				GCC_WARN_UNDECLARED_SELECTOR = YES;
				GCC_WARN_UNINITIALIZED_AUTOS = YES_AGGRESSIVE;
				GCC_WARN_UNUSED_FUNCTION = YES;
				GCC_WARN_UNUSED_VARIABLE = YES;
				MACOSX_DEPLOYMENT_TARGET = 12.3;
				MTL_ENABLE_DEBUG_INFO = INCLUDE_SOURCE;
				MTL_FAST_MATH = YES;
				ONLY_ACTIVE_ARCH = YES;
				SDKROOT = macosx;
				SWIFT_ACTIVE_COMPILATION_CONDITIONS = DEBUG;
				SWIFT_OPTIMIZATION_LEVEL = "-Onone";
			};
			name = Debug;
		};
		AC09D73B28BCDCD80078E928 /* Release */ = {
			isa = XCBuildConfiguration;
			buildSettings = {
				ALWAYS_SEARCH_USER_PATHS = NO;
				CLANG_ANALYZER_NONNULL = YES;
				CLANG_ANALYZER_NUMBER_OBJECT_CONVERSION = YES_AGGRESSIVE;
				CLANG_CXX_LANGUAGE_STANDARD = "gnu++17";
				CLANG_ENABLE_MODULES = YES;
				CLANG_ENABLE_OBJC_ARC = YES;
				CLANG_ENABLE_OBJC_WEAK = YES;
				CLANG_WARN_BLOCK_CAPTURE_AUTORELEASING = YES;
				CLANG_WARN_BOOL_CONVERSION = YES;
				CLANG_WARN_COMMA = YES;
				CLANG_WARN_CONSTANT_CONVERSION = YES;
				CLANG_WARN_DEPRECATED_OBJC_IMPLEMENTATIONS = YES;
				CLANG_WARN_DIRECT_OBJC_ISA_USAGE = YES_ERROR;
				CLANG_WARN_DOCUMENTATION_COMMENTS = YES;
				CLANG_WARN_EMPTY_BODY = YES;
				CLANG_WARN_ENUM_CONVERSION = YES;
				CLANG_WARN_INFINITE_RECURSION = YES;
				CLANG_WARN_INT_CONVERSION = YES;
				CLANG_WARN_NON_LITERAL_NULL_CONVERSION = YES;
				CLANG_WARN_OBJC_IMPLICIT_RETAIN_SELF = YES;
				CLANG_WARN_OBJC_LITERAL_CONVERSION = YES;
				CLANG_WARN_OBJC_ROOT_CLASS = YES_ERROR;
				CLANG_WARN_QUOTED_INCLUDE_IN_FRAMEWORK_HEADER = YES;
				CLANG_WARN_RANGE_LOOP_ANALYSIS = YES;
				CLANG_WARN_STRICT_PROTOTYPES = YES;
				CLANG_WARN_SUSPICIOUS_MOVE = YES;
				CLANG_WARN_UNGUARDED_AVAILABILITY = YES_AGGRESSIVE;
				CLANG_WARN_UNREACHABLE_CODE = YES;
				CLANG_WARN__DUPLICATE_METHOD_MATCH = YES;
				COPY_PHASE_STRIP = NO;
				DEBUG_INFORMATION_FORMAT = "dwarf-with-dsym";
				ENABLE_NS_ASSERTIONS = NO;
				ENABLE_STRICT_OBJC_MSGSEND = YES;
				GCC_C_LANGUAGE_STANDARD = gnu11;
				GCC_NO_COMMON_BLOCKS = YES;
				GCC_WARN_64_TO_32_BIT_CONVERSION = YES;
				GCC_WARN_ABOUT_RETURN_TYPE = YES_ERROR;
				GCC_WARN_UNDECLARED_SELECTOR = YES;
				GCC_WARN_UNINITIALIZED_AUTOS = YES_AGGRESSIVE;
				GCC_WARN_UNUSED_FUNCTION = YES;
				GCC_WARN_UNUSED_VARIABLE = YES;
				MACOSX_DEPLOYMENT_TARGET = 12.3;
				MTL_ENABLE_DEBUG_INFO = NO;
				MTL_FAST_MATH = YES;
				SDKROOT = macosx;
				SWIFT_COMPILATION_MODE = wholemodule;
				SWIFT_OPTIMIZATION_LEVEL = "-O";
			};
			name = Release;
		};
		AC09D73D28BCDCD80078E928 /* Debug */ = {
			isa = XCBuildConfiguration;
			buildSettings = {
				ASSETCATALOG_COMPILER_APPICON_NAME = AppIcon;
				ASSETCATALOG_COMPILER_GLOBAL_ACCENT_COLOR_NAME = AccentColor;
				CODE_SIGN_ENTITLEMENTS = "sysvpn-macos/sysvpn_macos.entitlements";
				CODE_SIGN_STYLE = Automatic;
				COMBINE_HIDPI_IMAGES = YES;
				CURRENT_PROJECT_VERSION = 1;
				DEVELOPMENT_ASSET_PATHS = "\"sysvpn-macos/Preview Content\"";
				ENABLE_PREVIEWS = YES;
				GENERATE_INFOPLIST_FILE = YES;
				INFOPLIST_KEY_NSHumanReadableCopyright = "";
				LD_RUNPATH_SEARCH_PATHS = (
					"$(inherited)",
					"@executable_path/../Frameworks",
				);
				MARKETING_VERSION = 1.0;
				PRODUCT_BUNDLE_IDENTIFIER = com.syspvn.client.macos;
				PRODUCT_NAME = "$(TARGET_NAME)";
				SWIFT_EMIT_LOC_STRINGS = YES;
				SWIFT_VERSION = 5.0;
			};
			name = Debug;
		};
		AC09D73E28BCDCD80078E928 /* Release */ = {
			isa = XCBuildConfiguration;
			buildSettings = {
				ASSETCATALOG_COMPILER_APPICON_NAME = AppIcon;
				ASSETCATALOG_COMPILER_GLOBAL_ACCENT_COLOR_NAME = AccentColor;
				CODE_SIGN_ENTITLEMENTS = "sysvpn-macos/sysvpn_macos.entitlements";
				CODE_SIGN_STYLE = Automatic;
				COMBINE_HIDPI_IMAGES = YES;
				CURRENT_PROJECT_VERSION = 1;
				DEVELOPMENT_ASSET_PATHS = "\"sysvpn-macos/Preview Content\"";
				ENABLE_PREVIEWS = YES;
				GENERATE_INFOPLIST_FILE = YES;
				INFOPLIST_KEY_NSHumanReadableCopyright = "";
				LD_RUNPATH_SEARCH_PATHS = (
					"$(inherited)",
					"@executable_path/../Frameworks",
				);
				MARKETING_VERSION = 1.0;
				PRODUCT_BUNDLE_IDENTIFIER = com.syspvn.client.macos;
				PRODUCT_NAME = "$(TARGET_NAME)";
				SWIFT_EMIT_LOC_STRINGS = YES;
				SWIFT_VERSION = 5.0;
			};
			name = Release;
		};
		AC09D74028BCDCD80078E928 /* Debug */ = {
			isa = XCBuildConfiguration;
			buildSettings = {
				ALWAYS_EMBED_SWIFT_STANDARD_LIBRARIES = YES;
				BUNDLE_LOADER = "$(TEST_HOST)";
				CODE_SIGN_STYLE = Automatic;
				CURRENT_PROJECT_VERSION = 1;
				GENERATE_INFOPLIST_FILE = YES;
				MACOSX_DEPLOYMENT_TARGET = 12.3;
				MARKETING_VERSION = 1.0;
				PRODUCT_BUNDLE_IDENTIFIER = "syspvn.client.macos.sysvpn-macosTests";
				PRODUCT_NAME = "$(TARGET_NAME)";
				SWIFT_EMIT_LOC_STRINGS = NO;
				SWIFT_VERSION = 5.0;
				TEST_HOST = "$(BUILT_PRODUCTS_DIR)/sysvpn-macos.app/Contents/MacOS/sysvpn-macos";
			};
			name = Debug;
		};
		AC09D74128BCDCD80078E928 /* Release */ = {
			isa = XCBuildConfiguration;
			buildSettings = {
				ALWAYS_EMBED_SWIFT_STANDARD_LIBRARIES = YES;
				BUNDLE_LOADER = "$(TEST_HOST)";
				CODE_SIGN_STYLE = Automatic;
				CURRENT_PROJECT_VERSION = 1;
				GENERATE_INFOPLIST_FILE = YES;
				MACOSX_DEPLOYMENT_TARGET = 12.3;
				MARKETING_VERSION = 1.0;
				PRODUCT_BUNDLE_IDENTIFIER = "syspvn.client.macos.sysvpn-macosTests";
				PRODUCT_NAME = "$(TARGET_NAME)";
				SWIFT_EMIT_LOC_STRINGS = NO;
				SWIFT_VERSION = 5.0;
				TEST_HOST = "$(BUILT_PRODUCTS_DIR)/sysvpn-macos.app/Contents/MacOS/sysvpn-macos";
			};
			name = Release;
		};
		AC09D74328BCDCD80078E928 /* Debug */ = {
			isa = XCBuildConfiguration;
			buildSettings = {
				ALWAYS_EMBED_SWIFT_STANDARD_LIBRARIES = YES;
				CODE_SIGN_STYLE = Automatic;
				CURRENT_PROJECT_VERSION = 1;
				GENERATE_INFOPLIST_FILE = YES;
				MARKETING_VERSION = 1.0;
				PRODUCT_BUNDLE_IDENTIFIER = "syspvn.client.macos.sysvpn-macosUITests";
				PRODUCT_NAME = "$(TARGET_NAME)";
				SWIFT_EMIT_LOC_STRINGS = NO;
				SWIFT_VERSION = 5.0;
				TEST_TARGET_NAME = "sysvpn-macos";
			};
			name = Debug;
		};
		AC09D74428BCDCD80078E928 /* Release */ = {
			isa = XCBuildConfiguration;
			buildSettings = {
				ALWAYS_EMBED_SWIFT_STANDARD_LIBRARIES = YES;
				CODE_SIGN_STYLE = Automatic;
				CURRENT_PROJECT_VERSION = 1;
				GENERATE_INFOPLIST_FILE = YES;
				MARKETING_VERSION = 1.0;
				PRODUCT_BUNDLE_IDENTIFIER = "syspvn.client.macos.sysvpn-macosUITests";
				PRODUCT_NAME = "$(TARGET_NAME)";
				SWIFT_EMIT_LOC_STRINGS = NO;
				SWIFT_VERSION = 5.0;
				TEST_TARGET_NAME = "sysvpn-macos";
			};
			name = Release;
		};
/* End XCBuildConfiguration section */

/* Begin XCConfigurationList section */
		AC09D71228BCDCD40078E928 /* Build configuration list for PBXProject "sysvpn-macos" */ = {
			isa = XCConfigurationList;
			buildConfigurations = (
				AC09D73A28BCDCD80078E928 /* Debug */,
				AC09D73B28BCDCD80078E928 /* Release */,
			);
			defaultConfigurationIsVisible = 0;
			defaultConfigurationName = Release;
		};
		AC09D73C28BCDCD80078E928 /* Build configuration list for PBXNativeTarget "sysvpn-macos" */ = {
			isa = XCConfigurationList;
			buildConfigurations = (
				AC09D73D28BCDCD80078E928 /* Debug */,
				AC09D73E28BCDCD80078E928 /* Release */,
			);
			defaultConfigurationIsVisible = 0;
			defaultConfigurationName = Release;
		};
		AC09D73F28BCDCD80078E928 /* Build configuration list for PBXNativeTarget "sysvpn-macosTests" */ = {
			isa = XCConfigurationList;
			buildConfigurations = (
				AC09D74028BCDCD80078E928 /* Debug */,
				AC09D74128BCDCD80078E928 /* Release */,
			);
			defaultConfigurationIsVisible = 0;
			defaultConfigurationName = Release;
		};
		AC09D74228BCDCD80078E928 /* Build configuration list for PBXNativeTarget "sysvpn-macosUITests" */ = {
			isa = XCConfigurationList;
			buildConfigurations = (
				AC09D74328BCDCD80078E928 /* Debug */,
				AC09D74428BCDCD80078E928 /* Release */,
			);
			defaultConfigurationIsVisible = 0;
			defaultConfigurationName = Release;
		};
/* End XCConfigurationList section */

/* Begin XCRemoteSwiftPackageReference section */
		AC09D74528BCDE080078E928 /* XCRemoteSwiftPackageReference "Alamofire" */ = {
			isa = XCRemoteSwiftPackageReference;
			repositoryURL = "https://github.com/Alamofire/Alamofire";
			requirement = {
				kind = upToNextMajorVersion;
				minimumVersion = 5.6.1;
			};
		};
		AC09D74828BCDE7A0078E928 /* XCRemoteSwiftPackageReference "Moya" */ = {
			isa = XCRemoteSwiftPackageReference;
			repositoryURL = "https://github.com/Moya/Moya.git";
			requirement = {
				kind = upToNextMajorVersion;
				minimumVersion = 15.0.0;
			};
		};
		AC09D75F28BCE0560078E928 /* XCRemoteSwiftPackageReference "SwiftyJSON" */ = {
			isa = XCRemoteSwiftPackageReference;
			repositoryURL = "https://github.com/SwiftyJSON/SwiftyJSON.git";
			requirement = {
				kind = upToNextMajorVersion;
				minimumVersion = 5.0.0;
			};
		};
		AC09D79028BE08460078E928 /* XCRemoteSwiftPackageReference "GoogleSignIn-iOS" */ = {
			isa = XCRemoteSwiftPackageReference;
			repositoryURL = "https://github.com/google/GoogleSignIn-iOS";
			requirement = {
				kind = upToNextMajorVersion;
				minimumVersion = 6.0.0;
			};
		};
/* End XCRemoteSwiftPackageReference section */

/* Begin XCSwiftPackageProductDependency section */
		AC09D74628BCDE080078E928 /* Alamofire */ = {
			isa = XCSwiftPackageProductDependency;
			package = AC09D74528BCDE080078E928 /* XCRemoteSwiftPackageReference "Alamofire" */;
			productName = Alamofire;
		};
		AC09D74928BCDE7A0078E928 /* CombineMoya */ = {
			isa = XCSwiftPackageProductDependency;
			package = AC09D74828BCDE7A0078E928 /* XCRemoteSwiftPackageReference "Moya" */;
			productName = CombineMoya;
		};
		AC09D74B28BCDE7A0078E928 /* Moya */ = {
			isa = XCSwiftPackageProductDependency;
			package = AC09D74828BCDE7A0078E928 /* XCRemoteSwiftPackageReference "Moya" */;
			productName = Moya;
		};
		AC09D74D28BCDE7A0078E928 /* ReactiveMoya */ = {
			isa = XCSwiftPackageProductDependency;
			package = AC09D74828BCDE7A0078E928 /* XCRemoteSwiftPackageReference "Moya" */;
			productName = ReactiveMoya;
		};
		AC09D74F28BCDE7A0078E928 /* RxMoya */ = {
			isa = XCSwiftPackageProductDependency;
			package = AC09D74828BCDE7A0078E928 /* XCRemoteSwiftPackageReference "Moya" */;
			productName = RxMoya;
		};
		AC09D76028BCE0560078E928 /* SwiftyJSON */ = {
			isa = XCSwiftPackageProductDependency;
			package = AC09D75F28BCE0560078E928 /* XCRemoteSwiftPackageReference "SwiftyJSON" */;
			productName = SwiftyJSON;
		};
		AC09D79128BE08460078E928 /* GoogleSignIn */ = {
			isa = XCSwiftPackageProductDependency;
			package = AC09D79028BE08460078E928 /* XCRemoteSwiftPackageReference "GoogleSignIn-iOS" */;
			productName = GoogleSignIn;
		};
		AC09D79328BE08460078E928 /* GoogleSignInSwift */ = {
			isa = XCSwiftPackageProductDependency;
			package = AC09D79028BE08460078E928 /* XCRemoteSwiftPackageReference "GoogleSignIn-iOS" */;
			productName = GoogleSignInSwift;
		};
/* End XCSwiftPackageProductDependency section */
	};
	rootObject = AC09D70F28BCDCD40078E928 /* Project object */;
}
